{
  "version": 4,
  "terraform_version": "1.3.6",
  "serial": 156,
  "lineage": "78e29b85-f744-194e-38da-92975b108517",
  "outputs": {
    "external_ip_address_vm_1": {
      "value": "158.160.4.7",
      "type": "string"
    },
    "external_ip_address_vm_2": {
      "value": "158.160.15.142",
      "type": "string"
    },
    "internal_ip_address_vm_1": {
      "value": "192.168.10.24",
      "type": "string"
    },
    "internal_ip_address_vm_2": {
      "value": "192.168.10.3",
      "type": "string"
    }
  },
  "resources": [
    {
      "mode": "managed",
      "type": "yandex_compute_instance",
      "name": "vm-1",
      "provider": "provider[\"registry.terraform.io/yandex-cloud/yandex\"]",
      "instances": [
        {
          "schema_version": 1,
          "attributes": {
            "allow_recreate": null,
            "allow_stopping_for_update": null,
            "boot_disk": [
              {
                "auto_delete": true,
                "device_name": "epd7oboat30mjqpr7sj3",
                "disk_id": "epd7oboat30mjqpr7sj3",
                "initialize_params": [
                  {
                    "block_size": 4096,
                    "description": "",
                    "image_id": "fd87kbts7j40q5b9rpjr",
                    "name": "",
                    "size": 10,
                    "snapshot_id": "",
                    "type": "network-hdd"
                  }
                ],
                "mode": "READ_WRITE"
              }
            ],
            "created_at": "2022-12-22T08:28:51Z",
            "description": "",
            "filesystem": [],
            "folder_id": "b1g7l8ost873t9a9r3g3",
            "fqdn": "epdi4i0cap064ucvihtf.auto.internal",
            "hostname": "",
            "id": "epdi4i0cap064ucvihtf",
            "labels": null,
            "local_disk": [],
            "metadata": {
              "user-data": "#cloud-config\n users:\n  - name: golpa\n    groups: sudo\n    shell: /bin/bash\n    sudo: ['ALL=(ALL) NOPASSWD:ALL']\n    ssh-authorized-keys:\n      - ssh-rsa AAAAB3NzaC1yc2EAAAADAQABAAABgQC08CZafmwhOejaF/aDJBhWPT6KJeZ1vLVd+rryu7oMl3v7yLAgtMJca5tDI61cv+KA3V4fGi9YeTRUiWeXvvU47xbADb9GXslaA4aM1jj9SjBWXfcUyQFxCVlv/IE/u7o9c0spSzH3QFHMYBrTU912p9LQz8J23+mj0Xsloxz911AqMZVsjyhNIEqJPUWkmOjzjMzcqP5HThmEOEVkoveDmOgVU/20jZEHQsgOAgg66tWzH15AvwIWfjzLihABXQBSGsWnSxfgeGpQkfOBREWbwpsDXHEmg6vGdDhX1r34CPC33YqA9WMeJo+a+mafKEdUBT0gcjehj1lpN4BZC39CaFFLOeithukg1fXtrgAmPwEMxkV+hfb3JBc8kXD688Rw/hyOMRHbqChAerjPjSQnUdB/ulHLIVxnCeb9LSrUcpPxUD8GF8jHF9TRx5Yu9McY7RoBT3V834fCOD1ggOZ1OVnID1Hk3v3DYOialWJf7ZwoUnZBzd051oE5vIPMx70= golpa@DESKTOP-U7UHP4K"
            },
            "metadata_options": [
              {
                "aws_v1_http_endpoint": 1,
                "aws_v1_http_token": 1,
                "gce_http_endpoint": 1,
                "gce_http_token": 1
              }
            ],
            "name": "terraform1",
            "network_acceleration_type": "standard",
            "network_interface": [
              {
                "dns_record": [],
                "index": 0,
                "ip_address": "192.168.10.24",
                "ipv4": true,
                "ipv6": false,
                "ipv6_address": "",
                "ipv6_dns_record": [],
                "mac_address": "d0:0d:12:24:80:c5",
                "nat": true,
                "nat_dns_record": [],
                "nat_ip_address": "158.160.4.7",
                "nat_ip_version": "IPV4",
                "security_group_ids": [],
                "subnet_id": "e2l7pj16skopluoibon0"
              }
            ],
            "placement_policy": [
              {
                "host_affinity_rules": [],
                "placement_group_id": ""
              }
            ],
            "platform_id": "standard-v1",
            "resources": [
              {
                "core_fraction": 100,
                "cores": 2,
                "gpus": 0,
                "memory": 2
              }
            ],
            "scheduling_policy": [
              {
                "preemptible": false
              }
            ],
            "secondary_disk": [],
            "service_account_id": "",
            "status": "running",
            "timeouts": null,
            "zone": "ru-central1-b"
          },
          "sensitive_attributes": [],
          "private": "eyJlMmJmYjczMC1lY2FhLTExZTYtOGY4OC0zNDM2M2JjN2M0YzAiOnsiY3JlYXRlIjozMDAwMDAwMDAwMDAsImRlbGV0ZSI6MzAwMDAwMDAwMDAwLCJ1cGRhdGUiOjMwMDAwMDAwMDAwMH0sInNjaGVtYV92ZXJzaW9uIjoiMSJ9",
          "dependencies": [
            "yandex_vpc_network.network-1",
            "yandex_vpc_subnet.subnet-1"
          ]
        }
      ]
    },
    {
      "mode": "managed",
      "type": "yandex_compute_instance",
      "name": "vm-2",
      "provider": "provider[\"registry.terraform.io/yandex-cloud/yandex\"]",
      "instances": [
        {
          "schema_version": 1,
          "attributes": {
            "allow_recreate": null,
            "allow_stopping_for_update": null,
            "boot_disk": [
              {
                "auto_delete": true,
                "device_name": "epd7fvj27hrp1194g6kk",
                "disk_id": "epd7fvj27hrp1194g6kk",
                "initialize_params": [
                  {
                    "block_size": 4096,
                    "description": "",
                    "image_id": "fd87kbts7j40q5b9rpjr",
                    "name": "",
                    "size": 10,
                    "snapshot_id": "",
                    "type": "network-hdd"
                  }
                ],
                "mode": "READ_WRITE"
              }
            ],
            "created_at": "2022-12-22T08:28:51Z",
            "description": "",
            "filesystem": [],
            "folder_id": "b1g7l8ost873t9a9r3g3",
            "fqdn": "epda85l2m6dm03abhhta.auto.internal",
            "hostname": "",
            "id": "epda85l2m6dm03abhhta",
            "labels": null,
            "local_disk": [],
            "metadata": {
              "user-data": "#cloud-config\n users:\n  - name: golpa\n    groups: sudo\n    shell: /bin/bash\n    sudo: ['ALL=(ALL) NOPASSWD:ALL']\n    ssh-authorized-keys:\n      - ssh-rsa AAAAB3NzaC1yc2EAAAADAQABAAABgQC08CZafmwhOejaF/aDJBhWPT6KJeZ1vLVd+rryu7oMl3v7yLAgtMJca5tDI61cv+KA3V4fGi9YeTRUiWeXvvU47xbADb9GXslaA4aM1jj9SjBWXfcUyQFxCVlv/IE/u7o9c0spSzH3QFHMYBrTU912p9LQz8J23+mj0Xsloxz911AqMZVsjyhNIEqJPUWkmOjzjMzcqP5HThmEOEVkoveDmOgVU/20jZEHQsgOAgg66tWzH15AvwIWfjzLihABXQBSGsWnSxfgeGpQkfOBREWbwpsDXHEmg6vGdDhX1r34CPC33YqA9WMeJo+a+mafKEdUBT0gcjehj1lpN4BZC39CaFFLOeithukg1fXtrgAmPwEMxkV+hfb3JBc8kXD688Rw/hyOMRHbqChAerjPjSQnUdB/ulHLIVxnCeb9LSrUcpPxUD8GF8jHF9TRx5Yu9McY7RoBT3V834fCOD1ggOZ1OVnID1Hk3v3DYOialWJf7ZwoUnZBzd051oE5vIPMx70= golpa@DESKTOP-U7UHP4K"
            },
            "metadata_options": [
              {
                "aws_v1_http_endpoint": 1,
                "aws_v1_http_token": 1,
                "gce_http_endpoint": 1,
                "gce_http_token": 1
              }
            ],
            "name": "terraform2",
            "network_acceleration_type": "standard",
            "network_interface": [
              {
                "dns_record": [],
                "index": 0,
                "ip_address": "192.168.10.3",
                "ipv4": true,
                "ipv6": false,
                "ipv6_address": "",
                "ipv6_dns_record": [],
                "mac_address": "d0:0d:a4:16:a2:b1",
                "nat": true,
                "nat_dns_record": [],
                "nat_ip_address": "158.160.15.142",
                "nat_ip_version": "IPV4",
                "security_group_ids": [],
                "subnet_id": "e2l7pj16skopluoibon0"
              }
            ],
            "placement_policy": [
              {
                "host_affinity_rules": [],
                "placement_group_id": ""
              }
            ],
            "platform_id": "standard-v1",
            "resources": [
              {
                "core_fraction": 100,
                "cores": 2,
                "gpus": 0,
                "memory": 2
              }
            ],
            "scheduling_policy": [
              {
                "preemptible": false
              }
            ],
            "secondary_disk": [],
            "service_account_id": "",
            "status": "running",
            "timeouts": null,
            "zone": "ru-central1-b"
          },
          "sensitive_attributes": [],
          "private": "eyJlMmJmYjczMC1lY2FhLTExZTYtOGY4OC0zNDM2M2JjN2M0YzAiOnsiY3JlYXRlIjozMDAwMDAwMDAwMDAsImRlbGV0ZSI6MzAwMDAwMDAwMDAwLCJ1cGRhdGUiOjMwMDAwMDAwMDAwMH0sInNjaGVtYV92ZXJzaW9uIjoiMSJ9",
          "dependencies": [
            "yandex_vpc_network.network-1",
            "yandex_vpc_subnet.subnet-1"
          ]
        }
      ]
    },
    {
      "mode": "managed",
      "type": "yandex_vpc_network",
      "name": "network-1",
      "provider": "provider[\"registry.terraform.io/yandex-cloud/yandex\"]",
      "instances": [
        {
          "schema_version": 0,
          "attributes": {
            "created_at": "2022-12-22T08:28:48Z",
            "default_security_group_id": "",
            "description": "",
            "folder_id": "b1g7l8ost873t9a9r3g3",
            "id": "enp1innflkie8dsfleje",
            "labels": {},
            "name": "network1",
            "subnet_ids": [],
            "timeouts": null
          },
          "sensitive_attributes": [],
          "private": "eyJlMmJmYjczMC1lY2FhLTExZTYtOGY4OC0zNDM2M2JjN2M0YzAiOnsiY3JlYXRlIjo2MDAwMDAwMDAwMCwiZGVsZXRlIjo2MDAwMDAwMDAwMCwidXBkYXRlIjo2MDAwMDAwMDAwMH19"
        }
      ]
    },
    {
      "mode": "managed",
      "type": "yandex_vpc_subnet",
      "name": "subnet-1",
      "provider": "provider[\"registry.terraform.io/yandex-cloud/yandex\"]",
      "instances": [
        {
          "schema_version": 0,
          "attributes": {
            "created_at": "2022-12-22T08:28:49Z",
            "description": "",
            "dhcp_options": [],
            "folder_id": "b1g7l8ost873t9a9r3g3",
            "id": "e2l7pj16skopluoibon0",
            "labels": {},
            "name": "subnet1",
            "network_id": "enp1innflkie8dsfleje",
            "route_table_id": "",
            "timeouts": null,
            "v4_cidr_blocks": [
              "192.168.10.0/24"
            ],
            "v6_cidr_blocks": [],
            "zone": "ru-central1-b"
          },
          "sensitive_attributes": [],
          "private": "eyJlMmJmYjczMC1lY2FhLTExZTYtOGY4OC0zNDM2M2JjN2M0YzAiOnsiY3JlYXRlIjoxODAwMDAwMDAwMDAsImRlbGV0ZSI6MTgwMDAwMDAwMDAwLCJ1cGRhdGUiOjE4MDAwMDAwMDAwMH19",
          "dependencies": [
            "yandex_vpc_network.network-1"
          ]
        }
      ]
    }
  ],
  "check_results": null
}
